
Microsoft Visual Studio Solution File, Format Version 12.00
# Visual Studio Version 17
VisualStudioVersion = 17.8.34330.188
MinimumVisualStudioVersion = 10.0.40219.1
Project("{FAE04EC0-301F-11D3-BF4B-00C04F79EFBC}") = "Notepad", "Notepad\Notepad.csproj", "{A7D007E7-79B2-4A2A-B11E-4734A75F21E5}"
EndProject
Global
	GlobalSection(SolutionConfigurationPlatforms) = preSolution
		Debug|Any CPU = Debug|Any CPU
		Release|Any CPU = Release|Any CPU
	EndGlobalSection
	GlobalSection(ProjectConfigurationPlatforms) = postSolution
		{A7D007E7-79B2-4A2A-B11E-4734A75F21E5}.Debug|Any CPU.ActiveCfg = Debug|Any CPU
		{A7D007E7-79B2-4A2A-B11E-4734A75F21E5}.Debug|Any CPU.Build.0 = Debug|Any CPU
		{A7D007E7-79B2-4A2A-B11E-4734A75F21E5}.Release|Any CPU.ActiveCfg = Release|Any CPU
		{A7D007E7-79B2-4A2A-B11E-4734A75F21E5}.Release|Any CPU.Build.0 = Release|Any CPU
	EndGlobalSection
	GlobalSection(SolutionProperties) = preSolution
		HideSolutionNode = FALSE
	EndGlobalSection
	GlobalSection(ExtensibilityGlobals) = postSolution
		SolutionGuid = {00B7464E-88B2-4CAE-8ACC-AEFFB2D9D095}
	EndGlobalSection
EndGlobal
